<?xml version="1.0" encoding="utf-8"?>
<Project ToolsVersion="4.0" xmlns="http://schemas.microsoft.com/developer/msbuild/2003">
  <ItemGroup>
    <Filter Include="Source Files">
      <UniqueIdentifier>{4FC737F1-C7A5-4376-A066-2A32D752A2FF}</UniqueIdentifier>
      <Extensions>cpp;c;cc;cxx;def;odl;idl;hpj;bat;asm;asmx</Extensions>
    </Filter>
    <Filter Include="Header Files">
      <UniqueIdentifier>{93995380-89BD-4b04-88EB-625FBE52EBFB}</UniqueIdentifier>
      <Extensions>h;hpp;hxx;hm;inl;inc;xsd</Extensions>
    </Filter>
    <Filter Include="Resource Files">
      <UniqueIdentifier>{67DA6AB6-F800-4c08-8B7A-83BB121AAD01}</UniqueIdentifier>
      <Extensions>rc;ico;cur;bmp;dlg;rc2;rct;bin;rgs;gif;jpg;jpeg;jpe;resx;tiff;tif;png;wav;mfcribbon-ms</Extensions>
    </Filter>
    <Filter Include="Header Files\openuasl">
      <UniqueIdentifier>{407ce835-9b31-4f6a-bfe9-76673f80616a}</UniqueIdentifier>
    </Filter>
    <Filter Include="Header Files\openuasl\ucstream">
      <UniqueIdentifier>{be484df1-c877-4b08-9bfd-c2bbb6183664}</UniqueIdentifier>
    </Filter>
    <Filter Include="Source Files\ucstream">
      <UniqueIdentifier>{1541b8a4-9c86-49d8-b25c-cede2a934149}</UniqueIdentifier>
    </Filter>
    <Filter Include="Header Files\openuasl\skeleton">
      <UniqueIdentifier>{c2df8e23-a1d5-4be2-b632-0098d4e7fa20}</UniqueIdentifier>
    </Filter>
    <Filter Include="Source Files\skeleton">
      <UniqueIdentifier>{dfb3d679-dd3f-40ad-a235-df2c9458b57b}</UniqueIdentifier>
    </Filter>
  </ItemGroup>
  <ItemGroup>
    <ClCompile Include="src\main.cpp">
      <Filter>Source Files</Filter>
    </ClCompile>
    <ClCompile Include="src\main_server.cpp">
      <Filter>Source Files</Filter>
    </ClCompile>
    <ClCompile Include="src\session_app.cpp">
      <Filter>Source Files</Filter>
    </ClCompile>
    <ClCompile Include="src\session_mgr.cpp">
      <Filter>Source Files</Filter>
    </ClCompile>
    <ClCompile Include="src\skeleton\BaseSession.cpp">
      <Filter>Source Files\skeleton</Filter>
    </ClCompile>
    <ClCompile Include="src\skeleton\LogableSession.cpp">
      <Filter>Source Files\skeleton</Filter>
    </ClCompile>
    <ClCompile Include="src\skeleton\NetworkLogger.cpp">
      <Filter>Source Files\skeleton</Filter>
    </ClCompile>
    <ClCompile Include="src\skeleton\SecureBaseServer.cpp">
      <Filter>Source Files\skeleton</Filter>
    </ClCompile>
    <ClCompile Include="src\skeleton\SessionManager.cpp">
      <Filter>Source Files\skeleton</Filter>
    </ClCompile>
    <ClCompile Include="src\ucstream\ResquerSession.cpp">
      <Filter>Source Files\ucstream</Filter>
    </ClCompile>
    <ClCompile Include="src\ucstream\UavSession.cpp">
      <Filter>Source Files\ucstream</Filter>
    </ClCompile>
    <ClCompile Include="src\ucstream\UCStreamServer.cpp">
      <Filter>Source Files\ucstream</Filter>
    </ClCompile>
  </ItemGroup>
  <ItemGroup>
    <ClInclude Include="include\openuasl\main_server.h">
      <Filter>Header Files\openuasl</Filter>
    </ClInclude>
    <ClInclude Include="include\openuasl\session_app.h">
      <Filter>Header Files\openuasl</Filter>
    </ClInclude>
    <ClInclude Include="include\openuasl\session_uav.h">
      <Filter>Header Files\openuasl</Filter>
    </ClInclude>
    <ClInclude Include="include\openuasl\server_conf.h">
      <Filter>Header Files\openuasl</Filter>
    </ClInclude>
    <ClInclude Include="include\openuasl\session_mgr.h">
      <Filter>Header Files\openuasl</Filter>
    </ClInclude>
    <ClInclude Include="include\openuasl\skeleton\SecureBaseServer.h">
      <Filter>Header Files\openuasl\skeleton</Filter>
    </ClInclude>
    <ClInclude Include="include\openuasl\skeleton\BaseSession.h">
      <Filter>Header Files\openuasl\skeleton</Filter>
    </ClInclude>
    <ClInclude Include="include\openuasl\skeleton\LogableSession.h">
      <Filter>Header Files\openuasl\skeleton</Filter>
    </ClInclude>
    <ClInclude Include="include\openuasl\skeleton\SessionManager.h">
      <Filter>Header Files\openuasl\skeleton</Filter>
    </ClInclude>
    <ClInclude Include="include\openuasl\skeleton\NetworkLogger.h">
      <Filter>Header Files\openuasl\skeleton</Filter>
    </ClInclude>
    <ClInclude Include="include\openuasl\skeleton\TypeDefs.h">
      <Filter>Header Files\openuasl\skeleton</Filter>
    </ClInclude>
    <ClInclude Include="include\openuasl\ucstream\ResquerSession.h">
      <Filter>Header Files\openuasl\ucstream</Filter>
    </ClInclude>
    <ClInclude Include="include\openuasl\ucstream\UavSession.h">
      <Filter>Header Files\openuasl\ucstream</Filter>
    </ClInclude>
    <ClInclude Include="include\openuasl\ucstream\UCStreamServer.h">
      <Filter>Header Files\openuasl\ucstream</Filter>
    </ClInclude>
  </ItemGroup>
</Project>